lockfileVersion: '9.0'

settings:
  autoInstallPeers: false
  excludeLinksFromLockfile: false

importers:

  .:
    dependencies:
      '@swc/helpers':
        specifier: ^0.4.14
        version: 0.4.37
    devDependencies:
      '@rollup/plugin-commonjs':
        specifier: ^24.0.0
        version: 24.1.0(rollup@3.30.0)
      '@rollup/plugin-node-resolve':
        specifier: ^15.0.1
        version: 15.3.1(rollup@3.30.0)
      '@swc/core':
        specifier: ^1.3.35
        version: 1.16.1(@swc/helpers@0.4.37)
      esbuild:
        specifier: ^0.16.14
        version: 0.16.17
      rollup:
        specifier: ^3.9.1
        version: 3.30.0
      rollup-plugin-esbuild:
        specifier: ^5.0.0
        version: 5.0.0(esbuild@0.16.17)(rollup@3.30.0)
      typescript:
        specifier: ^5.6.3
        version: 5.9.3
      vendetta-types:
        specifier: latest
        version: 2.4.21

packages:

  '@esbuild/android-arm64@0.16.17':
    resolution: {integrity: sha512-MIGl6p5sc3RDTLLkYL1MyL8BMRN4tLMRCn+yRJJmEDvYZ2M7tmAf80hx1kbNEUX2KJ50RRtxZ4JHLvCfuB6kBg==}
    engines: {node: '>=12'}
    cpu: [arm64]
    os: [android]

  '@esbuild/android-arm@0.16.17':
    resolution: {integrity: sha512-N9x1CMXVhtWEAMS7pNNONyA14f71VPQN9Cnavj1XQh6T7bskqiLLrSca4O0Vr8Wdcga943eThxnVp3JLnBMYtw==}
    engines: {node: '>=12'}
    cpu: [arm]
    os: [android]

  '@esbuild/android-x64@0.16.17':
    resolution: {integrity: sha512-a3kTv3m0Ghh4z1DaFEuEDfz3OLONKuFvI4Xqczqx4BqLyuFaFkuaG4j2MtA6fuWEFeC5x9IvqnX7drmRq/fyAQ==}
    engines: {node: '>=12'}
    cpu: [x64]
    os: [android]

  '@esbuild/darwin-arm64@0.16.17':
    resolution: {integrity: sha512-/2agbUEfmxWHi9ARTX6OQ/KgXnOWfsNlTeLcoV7HSuSTv63E4DqtAc+2XqGw1KHxKMHGZgbVCZge7HXWX9Vn+w==}
    engines: {node: '>=12'}
    cpu: [arm64]
    os: [darwin]

  '@esbuild/darwin-x64@0.16.17':
    resolution: {integrity: sha512-2By45OBHulkd9Svy5IOCZt376Aa2oOkiE9QWUK9fe6Tb+WDr8hXL3dpqi+DeLiMed8tVXspzsTAvd0jUl96wmg==}
    engines: {node: '>=12'}
    cpu: [x64]
    os: [darwin]

  '@esbuild/freebsd-arm64@0.16.17':
    resolution: {integrity: sha512-mt+cxZe1tVx489VTb4mBAOo2aKSnJ33L9fr25JXpqQqzbUIw/yzIzi+NHwAXK2qYV1lEFp4OoVeThGjUbmWmdw==}
    engines: {node: '>=12'}
    cpu: [arm64]
    os: [freebsd]

  '@esbuild/freebsd-x64@0.16.17':
    resolution: {integrity: sha512-8ScTdNJl5idAKjH8zGAsN7RuWcyHG3BAvMNpKOBaqqR7EbUhhVHOqXRdL7oZvz8WNHL2pr5+eIT5c65kA6NHug==}
    engines: {node: '>=12'}
    cpu: [x64]
    os: [freebsd]

  '@esbuild/linux-arm64@0.16.17':
    resolution: {integrity: sha512-7S8gJnSlqKGVJunnMCrXHU9Q8Q/tQIxk/xL8BqAP64wchPCTzuM6W3Ra8cIa1HIflAvDnNOt2jaL17vaW+1V0g==}
    engines: {node: '>=12'}
    cpu: [arm64]
    os: [linux]

  '@esbuild/linux-arm@0.16.17':
    resolution: {integrity: sha512-iihzrWbD4gIT7j3caMzKb/RsFFHCwqqbrbH9SqUSRrdXkXaygSZCZg1FybsZz57Ju7N/SHEgPyaR0LZ8Zbe9gQ==}
    engines: {node: '>=12'}
    cpu: [arm]
    os: [linux]

  '@esbuild/linux-ia32@0.16.17':
    resolution: {integrity: sha512-kiX69+wcPAdgl3Lonh1VI7MBr16nktEvOfViszBSxygRQqSpzv7BffMKRPMFwzeJGPxcio0pdD3kYQGpqQ2SSg==}
    engines: {node: '>=12'}
    cpu: [ia32]
    os: [linux]

  '@esbuild/linux-loong64@0.16.17':
    resolution: {integrity: sha512-dTzNnQwembNDhd654cA4QhbS9uDdXC3TKqMJjgOWsC0yNCbpzfWoXdZvp0mY7HU6nzk5E0zpRGGx3qoQg8T2DQ==}
    engines: {node: '>=12'}
    cpu: [loong64]
    os: [linux]

  '@esbuild/linux-mips64el@0.16.17':
    resolution: {integrity: sha512-ezbDkp2nDl0PfIUn0CsQ30kxfcLTlcx4Foz2kYv8qdC6ia2oX5Q3E/8m6lq84Dj/6b0FrkgD582fJMIfHhJfSw==}
    engines: {node: '>=12'}
    cpu: [mips64el]
    os: [linux]

  '@esbuild/linux-ppc64@0.16.17':
    resolution: {integrity: sha512-dzS678gYD1lJsW73zrFhDApLVdM3cUF2MvAa1D8K8KtcSKdLBPP4zZSLy6LFZ0jYqQdQ29bjAHJDgz0rVbLB3g==}
    engines: {node: '>=12'}
    cpu: [ppc64]
    os: [linux]

  '@esbuild/linux-riscv64@0.16.17':
    resolution: {integrity: sha512-ylNlVsxuFjZK8DQtNUwiMskh6nT0vI7kYl/4fZgV1llP5d6+HIeL/vmmm3jpuoo8+NuXjQVZxmKuhDApK0/cKw==}
    engines: {node: '>=12'}
    cpu: [riscv64]
    os: [linux]

  '@esbuild/linux-s390x@0.16.17':
    resolution: {integrity: sha512-gzy7nUTO4UA4oZ2wAMXPNBGTzZFP7mss3aKR2hH+/4UUkCOyqmjXiKpzGrY2TlEUhbbejzXVKKGazYcQTZWA/w==}
    engines: {node: '>=12'}
    cpu: [s390x]
    os: [linux]

  '@esbuild/linux-x64@0.16.17':
    resolution: {integrity: sha512-mdPjPxfnmoqhgpiEArqi4egmBAMYvaObgn4poorpUaqmvzzbvqbowRllQ+ZgzGVMGKaPkqUmPDOOFQRUFDmeUw==}
    engines: {node: '>=12'}
    cpu: [x64]
    os: [linux]

  '@esbuild/netbsd-x64@0.16.17':
    resolution: {integrity: sha512-/PzmzD/zyAeTUsduZa32bn0ORug+Jd1EGGAUJvqfeixoEISYpGnAezN6lnJoskauoai0Jrs+XSyvDhppCPoKOA==}
    engines: {node: '>=12'}
    cpu: [x64]
    os: [netbsd]

  '@esbuild/openbsd-x64@0.16.17':
    resolution: {integrity: sha512-2yaWJhvxGEz2RiftSk0UObqJa/b+rIAjnODJgv2GbGGpRwAfpgzyrg1WLK8rqA24mfZa9GvpjLcBBg8JHkoodg==}
    engines: {node: '>=12'}
    cpu: [x64]
    os: [openbsd]

  '@esbuild/sunos-x64@0.16.17':
    resolution: {integrity: sha512-xtVUiev38tN0R3g8VhRfN7Zl42YCJvyBhRKw1RJjwE1d2emWTVToPLNEQj/5Qxc6lVFATDiy6LjVHYhIPrLxzw==}
    engines: {node: '>=12'}
    cpu: [x64]
    os: [sunos]

  '@esbuild/win32-arm64@0.16.17':
    resolution: {integrity: sha512-ga8+JqBDHY4b6fQAmOgtJJue36scANy4l/rL97W+0wYmijhxKetzZdKOJI7olaBaMhWt8Pac2McJdZLxXWUEQw==}
    engines: {node: '>=12'}
    cpu: [arm64]
    os: [win32]

  '@esbuild/win32-ia32@0.16.17':
    resolution: {integrity: sha512-WnsKaf46uSSF/sZhwnqE4L/F89AYNMiD4YtEcYekBt9Q7nj0DiId2XH2Ng2PHM54qi5oPrQ8luuzGszqi/veig==}
    engines: {node: '>=12'}
    cpu: [ia32]
    os: [win32]

  '@esbuild/win32-x64@0.16.17':
    resolution: {integrity: sha512-y+EHuSchhL7FjHgvQL/0fnnFmO4T1bhvWANX6gcnqTjtnKWbTvUMCpGnv2+t+31d7RzyEAYAd4u2fnIhHL6N/Q==}
    engines: {node: '>=12'}
    cpu: [x64]
    os: [win32]

  '@jridgewell/sourcemap-codec@1.5.5':
    resolution: {integrity: sha512-cYQ9310grqxueWbl+WuIUIaiUaDcj7WOq5fVhEljNVgRfOUhY9fy2zTvfoqWsnebh8Sl70VScFbICvJnLKB0Og==}

  '@react-native-clipboard/clipboard@1.10.0':
    resolution: {integrity: sha512-1L+I0vmeUJgMi8MnNsqI00391/RFLkmmxj9qAuOS2madpvce/oNqJb8Pwk2Fc/uxIJSxOckTpq+dQwyPU6s+7w==}
    peerDependencies:
      react: '>=16.0'
      react-native: '>=0.57.0'

  '@rollup/plugin-commonjs@24.1.0':
    resolution: {integrity: sha512-eSL45hjhCWI0jCCXcNtLVqM5N1JlBGvlFfY0m6oOYnLCJ6N0qEXoZql4sY2MOUArzhH4SA/qBpTxvvZp2Sc+DQ==}
    engines: {node: '>=14.0.0'}
    peerDependencies:
      rollup: ^2.68.0||^3.0.0
    peerDependenciesMeta:
      rollup:
        optional: true

  '@rollup/plugin-node-resolve@15.3.1':
    resolution: {integrity: sha512-tgg6b91pAybXHJQMAAwW9VuWBO6Thi+q7BCNARLwSqlmsHz0XYURtGvh/AuwSADXSI4h/2uHbs7s4FzlZDGSGA==}
    engines: {node: '>=14.0.0'}
    peerDependencies:
      rollup: ^2.78.0||^3.0.0||^4.0.0
    peerDependenciesMeta:
      rollup:
        optional: true

  '@rollup/pluginutils@5.4.0':
    resolution: {integrity: sha512-MfPp06CjRLfXQ3wY0R8vJDYBy/MvVcc9OulEfR0B8Iv9ko+GCNaRZ+EpJYFl27LhKsZK0o420sYCRHCjfCgeUg==}
    engines: {node: '>=14.0.0'}
    peerDependencies:
      rollup: ^1.20.0||^2.0.0||^3.0.0||^4.0.0
    peerDependenciesMeta:
      rollup:
        optional: true

  '@swc/core-darwin-arm64@1.16.1':
    resolution: {integrity: sha512-zlJblJ8ncErD43lKdxjbUaUskJQf+LxiPXYcWXD8/8ZMV+7uuAT+CwjciLXpyZBd5Pq/S726bMpeeAwSeL1hhg==}
    engines: {node: '>=10'}
    cpu: [arm64]
    os: [darwin]

  '@swc/core-darwin-x64@1.16.1':
    resolution: {integrity: sha512-IN0BmPWb0YAh/17mmlWB/HDBtTw2MfuW4hulf/tQAgTQBRH17l+z499bNJLK6LizSjqs0P7V+jU38Zj+vJC1DA==}
    engines: {node: '>=10'}
    cpu: [x64]
    os: [darwin]

  '@swc/core-linux-arm-gnueabihf@1.16.1':
    resolution: {integrity: sha512-EYgrx2YOCQ2Twz2S793kqNjPkpvYVUPzzR95bIb7by+VQcyaai4lZZ2iz/tZvcFVKSNcN3/JTKwx+aBn2ZL52A==}
    engines: {node: '>=10'}
    cpu: [arm]
    os: [linux]

  '@swc/core-linux-arm64-gnu@1.16.1':
    resolution: {integrity: sha512-moyKm0YZlHdHohzm1YwgAyesqnE853rO0REMfJLFAova51wF9BNi+3ZW2PeS7Vqvn6HeJuepLpAHbBdZctxpHA==}
    engines: {node: '>=10'}
    cpu: [arm64]
    os: [linux]

  '@swc/core-linux-arm64-musl@1.16.1':
    resolution: {integrity: sha512-kKGBO9wdapiSzuf5ZzZ2fYtlu1BNSYtIIUxvH1ir/gcelTOREEHGDCLTDFx/2Knf878nU11A40z7LxwasEFxqA==}
    engines: {node: '>=10'}
    cpu: [arm64]
    os: [linux]

  '@swc/core-linux-ppc64-gnu@1.16.1':
    resolution: {integrity: sha512-nZ6qahtLxC3PM54cWOQZHxt4lTCF/3J4LIoWWzz6v7A+rLs8Dx54anYQf7mH3eIi8KlNpgKci/ie8ZSqFN8O7A==}
    engines: {node: '>=10'}
    cpu: [ppc64]
    os: [linux]

  '@swc/core-linux-s390x-gnu@1.16.1':
    resolution: {integrity: sha512-4ji5PNzhYq193Z4/4xUaSoNJza6iCkDJSzhetrbB6KOYxsr+kxtQr8ePWhMJUiMt6JUWtXaZ1PYT8FhtED+nGA==}
    engines: {node: '>=10'}
    cpu: [s390x]
    os: [linux]

  '@swc/core-linux-x64-gnu@1.16.1':
    resolution: {integrity: sha512-VJQxqrisHV+B394IgrOu8YsIIXZgffnf5tO+yc9Z/hoUpuZEvuQTjWwlnpZdpyD+0nx6LTD1/3k646JYm43yJA==}
    engines: {node: '>=10'}
    cpu: [x64]
    os: [linux]

  '@swc/core-linux-x64-musl@1.16.1':
    resolution: {integrity: sha512-r9oV1mwxxsIGcLV1IQ/tw76MW3doatKze1QFWuC+a7QqJUkhY/bKTSVk6NpKKUGm2LDsE33Va8VqSClfA7vSiQ==}
    engines: {node: '>=10'}
    cpu: [x64]
    os: [linux]

  '@swc/core-win32-arm64-msvc@1.16.1':
    resolution: {integrity: sha512-6huNRessoBLxWEqBm5zJXyCQ27TO7anvkdiuQ5MDO4CJni0nOXEqKtV9RllQ2TdyENKKsUMXVnIfW2hIXx/R5Q==}
    engines: {node: '>=10'}
    cpu: [arm64]
    os: [win32]

  '@swc/core-win32-ia32-msvc@1.16.1':
    resolution: {integrity: sha512-OVKJFUzphrGmsh+BGtcZDesx0YryV7/Yvy5XGgTqnrZfjnyfcr5uaqYQugCckdIlupc5Vs3XtDjRAj12z4ZPlw==}
    engines: {node: '>=10'}
    cpu: [ia32]
    os: [win32]

  '@swc/core-win32-x64-msvc@1.16.1':
    resolution: {integrity: sha512-Bt+VIhWYCGk4urklnkkteLUOeLv1VxigwTCeB/xC6rBZxY6IIKdDwCJf6on3E3SUGsIqmQS6QqtuJQc1VxF4Aw==}
    engines: {node: '>=10'}
    cpu: [x64]
    os: [win32]

  '@swc/core@1.16.1':
    resolution: {integrity: sha512-nUaeu91O5QZKrQdaDCHd402ogUIoNOOjpkZNq0UomWK0G6gDaGmLhvddF1/3BXf5O8aLyo6ZPY/aMDWvaJQ/hg==}
    engines: {node: '>=10'}
    peerDependencies:
      '@swc/helpers': '>=0.5.17'
    peerDependenciesMeta:
      '@swc/helpers':
        optional: true

  '@swc/counter@0.1.3':
    resolution: {integrity: sha512-e2BR4lsJkkRlKZ/qCHPw9ZaSxc0MVUd7gtbtaB7aMvHeJVYe8sOB8DBZkP2DtISHGSku9sCK6T6cnY0CtXrOCQ==}

  '@swc/helpers@0.4.14':
    resolution: {integrity: sha512-4C7nX/dvpzB7za4Ql9K81xK3HPxCpHMgwTZVyf+9JQ6VUbn9jjZVN7/Nkdz/Ugzs2CSjqnL/UPXroiVBVHUWUw==}

  '@swc/helpers@0.4.37':
    resolution: {integrity: sha512-O4U8DmGtYvuWDrqmkAqhmA+sV8D3eJzvKSUgg5L5eaCCPdywZBLc97UgJT/fQaCkQ5onJzJWNojgErJk1bThaw==}

  '@swc/types@0.1.28':
    resolution: {integrity: sha512-V6Mnml8v09QALx6K0elJ7o9K/MkVDtW3t6L+7Ou/JcWtb3xwId2AH4FeOceySd2JaO87IMw4+6vSZxLm34LPbw==}

  '@types/chroma-js@2.4.5':
    resolution: {integrity: sha512-6ISjhzJViaPCy2q2e6PgK+8HcHQDQ0V2LDiKmYAh+jJlLqDa6HbwDh0wOevHY0kHHUx0iZwjSRbVD47WOUx5EQ==}

  '@types/estree@1.0.9':
    resolution: {integrity: sha512-GhdPgy1el4/ImP05X05Uw4cw2/M93BCUmnEvWZNStlCzEKME4Fkk+YpoA5OiHNQmoS7Cafb8Xa3Pya8m1Qrzeg==}

  '@types/lodash@4.17.25':
    resolution: {integrity: sha512-+K1NIO8I+F9/wNulfVvu23QYd0Pe9/OCqRrim4NoYIf1VoEDL90Ve4ClzpyqBLc7NpGGWRvYNCKZ1BE/Jpf8dQ==}

  '@types/prop-types@15.7.15':
    resolution: {integrity: sha512-F6bEyamV9jKGAFBEmlQnesRPGOQqS2+Uwi0Em15xenOxHaf2hv6L8YCVn3rPdPJOiJfPiCnLIRyvwVaqMY3MIw==}

  '@types/react-native@0.68.1':
    resolution: {integrity: sha512-S+r6VamWqVutlQ3q/vhTn4b0F/DdZj8R6AIDdgwV9xN9Ln1kRdQd7o3mo7FnfdddVdzEkWMUVlK2sbkFOJFAiQ==}

  '@types/react@18.0.26':
    resolution: {integrity: sha512-hCR3PJQsAIXyxhTNSiDFY//LhnMZWpNNr5etoCqx/iUfGc5gXWtQR2Phl908jVR6uPXacojQWTg4qRpkxTuGug==}

  '@types/resolve@1.20.2':
    resolution: {integrity: sha512-60BCwRFOZCQhDncwQdxxeOEEkbc5dIMccYLwbxsS4TUNeVECQ/pBJ0j09mrHOl/JJvpRPGwO9SvE4nR2Nb/a4Q==}

  '@types/scheduler@0.26.0':
    resolution: {integrity: sha512-WFHp9YUJQ6CKshqoC37iOlHnQSmxNc795UhB26CyBBttrN9svdIrUjl/NjnNmfcwtncN0h/0PPAFWv9ovP8mLA==}

  balanced-match@1.0.2:
    resolution: {integrity: sha512-3oSeUO0TMV67hN1AmbXsK4yaqU7tjiHlbxRDZOpH0KW9+CeX4bRAaX0Anxt0tx2MrpRpWwQaPwIlISEJhYU5Pw==}

  brace-expansion@2.1.4:
    resolution: {integrity: sha512-hGfVzPxthbf3+2yjg/RBs60cB0FhqBS/zvdV/4wn4/BmN0bNMMHPc4V/BbFieqf1TKAGGAHnY4eSjajCl0f2Xg==}

  commondir@1.0.1:
    resolution: {integrity: sha512-W9pAhw0ja1Edb5GVdIF1mjZw/ASI0AlShXM83UUGe2DVr5TdAPEA1OA8m/g8zWp9x6On7gqufY+FatDbC3MDQg==}

  csstype@3.2.3:
    resolution: {integrity: sha512-z1HGKcYy2xA8AGQfwrn0PAy+PB7X/GSj3UVJW9qKyn43xWa+gl5nXmU4qqLMRzWVLFC8KusUX8T/0kCiOYpAIQ==}

  debug@4.4.3:
    resolution: {integrity: sha512-RGwwWnwQvkVfavKVt22FGLw+xYSdzARwm0ru6DhTVA3umU5hZc28V3kO4stgYryrTlLpuvgI9GiijltAjNbcqA==}
    engines: {node: '>=6.0'}
    peerDependencies:
      supports-color: '*'
    peerDependenciesMeta:
      supports-color:
        optional: true

  deepmerge@4.3.1:
    resolution: {integrity: sha512-3sUqbMEc77XqpdNO7FRyRog+eW3ph+GYCbj+rK+uYyRMuwsVy0rMiVtPn+QJlKFvWP/1PYpapqYn0Me2knFn+A==}
    engines: {node: '>=0.10.0'}

  es-errors@1.3.0:
    resolution: {integrity: sha512-Zf5H2Kxt2xjTvbJvP2ZWLEICxA6j+hAmMzIlypy4xcBg1vKVnx89Wy0GbS+kf5cwCVFFzdCFh2XSCFNULS6csw==}
    engines: {node: '>= 0.4'}

  es-module-lexer@1.7.0:
    resolution: {integrity: sha512-jEQoCwk8hyb2AZziIOLhDqpm5+2ww5uIE6lkO/6jcOCusfk6LhMHpXXfBLXTZ7Ydyt0j4VoUQv6uGNYbdW+kBA==}

  esbuild@0.16.17:
    resolution: {integrity: sha512-G8LEkV0XzDMNwXKgM0Jwu3nY3lSTwSGY6XbxM9cr9+s0T/qSV1q1JVPBGzm3dcjhCic9+emZDmMffkwgPeOeLg==}
    engines: {node: '>=12'}
    hasBin: true

  estree-walker@2.0.2:
    resolution: {integrity: sha512-Rfkk/Mp/DL7JVje3u18FxFujQlTNR2q6QfMSMB7AvCBx91NGj/ba3kCfza0f6dVDbw7YlRf/nDrn7pQrCCyQ/w==}

  fs.realpath@1.0.0:
    resolution: {integrity: sha512-OO0pH2lK6a0hZnAdau5ItzHPI6pUlvI7jMVnxUQRtw4owF2wk8lOSabtGDCTP4Ggrg2MbGnWO9X8K1t4+fGMDw==}

  fsevents@2.3.3:
    resolution: {integrity: sha512-5xoDfX+fL7faATnagmWPpbFtwh/R77WmMMqqHGS65C3vvB0YHrgF+B1YmZ3441tMj5n63k0212XNoJwzlhffQw==}
    engines: {node: ^8.16.0 || ^10.6.0 || >=11.0.0}
    os: [darwin]

  function-bind@1.1.2:
    resolution: {integrity: sha512-7XHNxH7qX9xG5mIwxkhumTox/MIRNcOgDrxWsMt2pAr23WHp6MrRlN7FBSFpCpr+oVO0F744iUgR82nJMfG2SA==}

  glob@8.1.0:
    resolution: {integrity: sha512-r8hpEjiQEYlF2QU0df3dS+nxxSIreXQS1qRhMJM0Q5NDdR386C7jb7Hwwod8Fgiuex+k0GFjgft18yvxm5XoCQ==}
    engines: {node: '>=12'}
    deprecated: Old versions of glob are not supported, and contain widely publicized security vulnerabilities, which have been fixed in the current version. Please update. Support for old versions may be purchased (at exorbitant rates) by contacting i@izs.me

  hasown@2.0.4:
    resolution: {integrity: sha512-T2UbfbBEF32wiepXIsMlTW9+dDYC6wMh/t/vYA4tuOMKqWz/n3vr1NFSxQiyP+zk2mXsoMA/i/7qV6LKut1t1A==}
    engines: {node: '>= 0.4'}

  inflight@1.0.6:
    resolution: {integrity: sha512-k92I/b08q4wvFscXCLvqfsHCrjrF7yiXsQuIVvVE7N82W3+aqpzuUdBbfhWcy/FZR3/4IgflMgKLOsvPDrGCJA==}
    deprecated: This module is not supported, and leaks memory. Do not use it. Check out lru-cache if you want a good and tested way to coalesce async requests by a key value, which is much more comprehensive and powerful.

  inherits@2.0.4:
    resolution: {integrity: sha512-k/vGaX4/Yla3WzyMCvTQOXYeIHvqOKtnqBduzTHpzpQZzAskKMhZ2K+EnBiSM9zGSoIFeMpXKxa4dYeZIQqewQ==}

  is-core-module@2.16.2:
    resolution: {integrity: sha512-evOr8xfXKxE6qSR0hSXL2r3sd7ALj8+7jQEUvPYcm5sgZFdJ+AYzT6yNmJenvIYQBgIGwfwz08sL8zoL7yq2BA==}
    engines: {node: '>= 0.4'}

  is-module@1.0.0:
    resolution: {integrity: sha512-51ypPSPCoTEIN9dy5Oy+h4pShgJmPCygKfyRCISBI+JoWT/2oJvK8QPxmwv7b/p239jXrm9M1mlQbyKJ5A152g==}

  is-reference@1.2.1:
    resolution: {integrity: sha512-U82MsXXiFIrjCK4otLT+o2NA2Cd2g5MLoOVXUZjIOhLurrRxpEXzI8O0KZHr3IjLvlAH1kTPYSuqer5T9ZVBKQ==}

  joycon@3.1.1:
    resolution: {integrity: sha512-34wB/Y7MW7bzjKRjUKTa46I2Z7eV62Rkhva+KkopW7Qvv/OSWBqvkSY7vusOPrNuZcUG3tApvdVgNB8POj3SPw==}
    engines: {node: '>=10'}

  jsonc-parser@3.3.1:
    resolution: {integrity: sha512-HUgH65KyejrUFPvHFPbqOY0rsFip3Bo5wb4ngvdi1EpCYWUQDC5V+Y7mZws+DLkr4M//zQJoanu1SP+87Dv1oQ==}

  magic-string@0.27.0:
    resolution: {integrity: sha512-8UnnX2PeRAPZuN12svgR9j7M1uWMovg/CEnIwIG0LFkXSJJe4PdfUGiTGl8V9bsBHFUtfVINcSyYxd7q+kx9fA==}
    engines: {node: '>=12'}

  minimatch@5.1.9:
    resolution: {integrity: sha512-7o1wEA2RyMP7Iu7GNba9vc0RWWGACJOCZBJX2GJWip0ikV+wcOsgVuY9uE8CPiyQhkGFSlhuSkZPavN7u1c2Fw==}
    engines: {node: '>=10'}

  moment@2.22.2:
    resolution: {integrity: sha512-LRvkBHaJGnrcWvqsElsOhHCzj8mU39wLx5pQ0pc6s153GynCTsPdGdqsVNKAQD9sKnWj11iF7TZx9fpLwdD3fw==}

  ms@2.1.3:
    resolution: {integrity: sha512-6FlzubTLZG3J2a/NVCAleEhjzq5oxgHyaCU9yYXvcLsvoVaHJq/s5xXI6/XXP6tz7R9xAOtHnSO/tXtF3WRTlA==}

  once@1.4.0:
    resolution: {integrity: sha512-lNaJgI+2Q5URQBkccEKHTQOPaXdUxnZZElQTZY0MFUAuaEqe1E+Nyvgdz/aIyNi6Z9MzO5dv1H8n58/GELp3+w==}

  path-parse@1.0.7:
    resolution: {integrity: sha512-LDJzPVEEEPR+y48z93A0Ed0yXb8pAByGWo/k5YYdYgpY2/2EsOsksJrq7lOHxryrVOn1ejG6oAp8ahvOIQD8sw==}

  picomatch@4.0.5:
    resolution: {integrity: sha512-RvwwcruNjI1ncT5xRakeyS9Lf8lcItv34KD+aif+VH9kduAyfYBipGh12274xtenIPZ119/R9BdTBa8gAwSh0A==}
    engines: {node: '>=12'}

  resolve@1.22.12:
    resolution: {integrity: sha512-TyeJ1zif53BPfHootBGwPRYT1RUt6oGWsaQr8UyZW/eAm9bKoijtvruSDEmZHm92CwS9nj7/fWttqPCgzep8CA==}
    engines: {node: '>= 0.4'}
    hasBin: true

  rollup-plugin-esbuild@5.0.0:
    resolution: {integrity: sha512-1cRIOHAPh8WQgdQQyyvFdeOdxuiyk+zB5zJ5+YOwrZP4cJ0MT3Fs48pQxrZeyZHcn+klFherytILVfE4aYrneg==}
    engines: {node: '>=14.18.0', npm: '>=8.0.0'}
    peerDependencies:
      esbuild: '>=0.10.1'
      rollup: ^1.20.0 || ^2.0.0 || ^3.0.0

  rollup@3.30.0:
    resolution: {integrity: sha512-kQvGasUgN+AlWGliFn2POSajRQEsULVYFGTvOZmK06d7vCD+YhZztt70kGk3qaeAXeWYL5eO7zx+rAubBc55eA==}
    engines: {node: '>=14.18.0', npm: '>=8.0.0'}
    hasBin: true

  spitroast@1.4.4:
    resolution: {integrity: sha512-S69rzIFjbGoEW5YCLpm1kEdqMEYqC09lmE1ZMY4gyUXfke0wi9qZjKYa0DDSv5eIy/D+/UGJT8yxgJddU3oqlA==}

  supports-preserve-symlinks-flag@1.0.0:
    resolution: {integrity: sha512-ot0WnXS9fgdkgIcePe6RHNk1WA8+muPa6cSjeR3V8K27q9BB1rTE3R1p7Hv0z1ZyAc8s6Vvv8DIyWf681MAt0w==}
    engines: {node: '>= 0.4'}

  tslib@2.8.1:
    resolution: {integrity: sha512-oJFu94HQb+KVduSUQL7wnpmqnfmLsOA/nAh6b6EH0wCEoK0/mPeXU6c3wKDV83MkOuHPRHtSXKKU99IBazS/2w==}

  typescript@5.9.3:
    resolution: {integrity: sha512-jl1vZzPDinLr9eUt3J/t7V6FgNEw9QjvBPdysz9KfQDD41fQrC2Y4vKQdiaUpFT4bXlb1RHhLpp8wtm6M5TgSw==}
    engines: {node: '>=14.17'}
    hasBin: true

  vendetta-types@2.4.21:
    resolution: {integrity: sha512-L2HwBkF4DCF0Kiov8Ld75Zwl5UBy75ZC8ZPpXtpQgvuHsYbhHAtrhWrpzAf76VGV9k5J1nC5JcxUZQ+f7NjRGw==}

  wrappy@1.0.2:
    resolution: {integrity: sha512-l4Sp/DRseor9wL6EvV2+TuQn63dMkPjZ/sp9XkghTEbV9KlPS1xUsZ3u7/IQO4wxtcFB4bgpQPRcR3QCvezPcQ==}

snapshots:

  '@esbuild/android-arm64@0.16.17':
    optional: true

  '@esbuild/android-arm@0.16.17':
    optional: true

  '@esbuild/android-x64@0.16.17':
    optional: true

  '@esbuild/darwin-arm64@0.16.17':
    optional: true

  '@esbuild/darwin-x64@0.16.17':
    optional: true

  '@esbuild/freebsd-arm64@0.16.17':
    optional: true

  '@esbuild/freebsd-x64@0.16.17':
    optional: true

  '@esbuild/linux-arm64@0.16.17':
    optional: true

  '@esbuild/linux-arm@0.16.17':
    optional: true

  '@esbuild/linux-ia32@0.16.17':
    optional: true

  '@esbuild/linux-loong64@0.16.17':
    optional: true

  '@esbuild/linux-mips64el@0.16.17':
    optional: true

  '@esbuild/linux-ppc64@0.16.17':
    optional: true

  '@esbuild/linux-riscv64@0.16.17':
    optional: true

  '@esbuild/linux-s390x@0.16.17':
    optional: true

  '@esbuild/linux-x64@0.16.17':
    optional: true

  '@esbuild/netbsd-x64@0.16.17':
    optional: true

  '@esbuild/openbsd-x64@0.16.17':
    optional: true

  '@esbuild/sunos-x64@0.16.17':
    optional: true

  '@esbuild/win32-arm64@0.16.17':
    optional: true

  '@esbuild/win32-ia32@0.16.17':
    optional: true

  '@esbuild/win32-x64@0.16.17':
    optional: true

  '@jridgewell/sourcemap-codec@1.5.5': {}

  '@react-native-clipboard/clipboard@1.10.0': {}

  '@rollup/plugin-commonjs@24.1.0(rollup@3.30.0)':
    dependencies:
      '@rollup/pluginutils': 5.4.0(rollup@3.30.0)
      commondir: 1.0.1
      estree-walker: 2.0.2
      glob: 8.1.0
      is-reference: 1.2.1
      magic-string: 0.27.0
    optionalDependencies:
      rollup: 3.30.0

  '@rollup/plugin-node-resolve@15.3.1(rollup@3.30.0)':
    dependencies:
      '@rollup/pluginutils': 5.4.0(rollup@3.30.0)
      '@types/resolve': 1.20.2
      deepmerge: 4.3.1
      is-module: 1.0.0
      resolve: 1.22.12
    optionalDependencies:
      rollup: 3.30.0

  '@rollup/pluginutils@5.4.0(rollup@3.30.0)':
    dependencies:
      '@types/estree': 1.0.9
      estree-walker: 2.0.2
      picomatch: 4.0.5
    optionalDependencies:
      rollup: 3.30.0

  '@swc/core-darwin-arm64@1.16.1':
    optional: true

  '@swc/core-darwin-x64@1.16.1':
    optional: true

  '@swc/core-linux-arm-gnueabihf@1.16.1':
    optional: true

  '@swc/core-linux-arm64-gnu@1.16.1':
    optional: true

  '@swc/core-linux-arm64-musl@1.16.1':
    optional: true

  '@swc/core-linux-ppc64-gnu@1.16.1':
    optional: true

  '@swc/core-linux-s390x-gnu@1.16.1':
    optional: true

  '@swc/core-linux-x64-gnu@1.16.1':
    optional: true

  '@swc/core-linux-x64-musl@1.16.1':
    optional: true

  '@swc/core-win32-arm64-msvc@1.16.1':
    optional: true

  '@swc/core-win32-ia32-msvc@1.16.1':
    optional: true

  '@swc/core-win32-x64-msvc@1.16.1':
    optional: true

  '@swc/core@1.16.1(@swc/helpers@0.4.37)':
    dependencies:
      '@swc/counter': 0.1.3
      '@swc/types': 0.1.28
    optionalDependencies:
      '@swc/core-darwin-arm64': 1.16.1
      '@swc/core-darwin-x64': 1.16.1
      '@swc/core-linux-arm-gnueabihf': 1.16.1
      '@swc/core-linux-arm64-gnu': 1.16.1
      '@swc/core-linux-arm64-musl': 1.16.1
      '@swc/core-linux-ppc64-gnu': 1.16.1
      '@swc/core-linux-s390x-gnu': 1.16.1
      '@swc/core-linux-x64-gnu': 1.16.1
      '@swc/core-linux-x64-musl': 1.16.1
      '@swc/core-win32-arm64-msvc': 1.16.1
      '@swc/core-win32-ia32-msvc': 1.16.1
      '@swc/core-win32-x64-msvc': 1.16.1
      '@swc/helpers': 0.4.37

  '@swc/counter@0.1.3': {}

  '@swc/helpers@0.4.14':
    dependencies:
      tslib: 2.8.1

  '@swc/helpers@0.4.37':
    dependencies:
      '@swc/legacy-helpers': '@swc/helpers@0.4.14'
      tslib: 2.8.1

  '@swc/types@0.1.28':
    dependencies:
      '@swc/counter': 0.1.3

  '@types/chroma-js@2.4.5': {}

  '@types/estree@1.0.9': {}

  '@types/lodash@4.17.25': {}

  '@types/prop-types@15.7.15': {}

  '@types/react-native@0.68.1':
    dependencies:
      '@types/react': 18.0.26

  '@types/react@18.0.26':
    dependencies:
      '@types/prop-types': 15.7.15
      '@types/scheduler': 0.26.0
      csstype: 3.2.3

  '@types/resolve@1.20.2': {}

  '@types/scheduler@0.26.0': {}

  balanced-match@1.0.2: {}

  brace-expansion@2.1.4:
    dependencies:
      balanced-match: 1.0.2

  commondir@1.0.1: {}

  csstype@3.2.3: {}

  debug@4.4.3:
    dependencies:
      ms: 2.1.3

  deepmerge@4.3.1: {}

  es-errors@1.3.0: {}

  es-module-lexer@1.7.0: {}

  esbuild@0.16.17:
    optionalDependencies:
      '@esbuild/android-arm': 0.16.17
      '@esbuild/android-arm64': 0.16.17
      '@esbuild/android-x64': 0.16.17
      '@esbuild/darwin-arm64': 0.16.17
      '@esbuild/darwin-x64': 0.16.17
      '@esbuild/freebsd-arm64': 0.16.17
      '@esbuild/freebsd-x64': 0.16.17
      '@esbuild/linux-arm': 0.16.17
      '@esbuild/linux-arm64': 0.16.17
      '@esbuild/linux-ia32': 0.16.17
      '@esbuild/linux-loong64': 0.16.17
      '@esbuild/linux-mips64el': 0.16.17
      '@esbuild/linux-ppc64': 0.16.17
      '@esbuild/linux-riscv64': 0.16.17
      '@esbuild/linux-s390x': 0.16.17
      '@esbuild/linux-x64': 0.16.17
      '@esbuild/netbsd-x64': 0.16.17
      '@esbuild/openbsd-x64': 0.16.17
      '@esbuild/sunos-x64': 0.16.17
      '@esbuild/win32-arm64': 0.16.17
      '@esbuild/win32-ia32': 0.16.17
      '@esbuild/win32-x64': 0.16.17

  estree-walker@2.0.2: {}

  fs.realpath@1.0.0: {}

  fsevents@2.3.3:
    optional: true

  function-bind@1.1.2: {}

  glob@8.1.0:
    dependencies:
      fs.realpath: 1.0.0
      inflight: 1.0.6
      inherits: 2.0.4
      minimatch: 5.1.9
      once: 1.4.0

  hasown@2.0.4:
    dependencies:
      function-bind: 1.1.2

  inflight@1.0.6:
    dependencies:
      once: 1.4.0
      wrappy: 1.0.2

  inherits@2.0.4: {}

  is-core-module@2.16.2:
    dependencies:
      hasown: 2.0.4

  is-module@1.0.0: {}

  is-reference@1.2.1:
    dependencies:
      '@types/estree': 1.0.9

  joycon@3.1.1: {}

  jsonc-parser@3.3.1: {}

  magic-string@0.27.0:
    dependencies:
      '@jridgewell/sourcemap-codec': 1.5.5

  minimatch@5.1.9:
    dependencies:
      brace-expansion: 2.1.4

  moment@2.22.2: {}

  ms@2.1.3: {}

  once@1.4.0:
    dependencies:
      wrappy: 1.0.2

  path-parse@1.0.7: {}

  picomatch@4.0.5: {}

  resolve@1.22.12:
    dependencies:
      es-errors: 1.3.0
      is-core-module: 2.16.2
      path-parse: 1.0.7
      supports-preserve-symlinks-flag: 1.0.0

  rollup-plugin-esbuild@5.0.0(esbuild@0.16.17)(rollup@3.30.0):
    dependencies:
      '@rollup/pluginutils': 5.4.0(rollup@3.30.0)
      debug: 4.4.3
      es-module-lexer: 1.7.0
      esbuild: 0.16.17
      joycon: 3.1.1
      jsonc-parser: 3.3.1
      rollup: 3.30.0
    transitivePeerDependencies:
      - supports-color

  rollup@3.30.0:
    optionalDependencies:
      fsevents: 2.3.3

  spitroast@1.4.4: {}

  supports-preserve-symlinks-flag@1.0.0: {}

  tslib@2.8.1: {}

  typescript@5.9.3: {}

  vendetta-types@2.4.21:
    dependencies:
      '@react-native-clipboard/clipboard': 1.10.0
      '@types/chroma-js': 2.4.5
      '@types/lodash': 4.17.25
      '@types/react': 18.0.26
      '@types/react-native': 0.68.1
      moment: 2.22.2
      spitroast: 1.4.4
    transitivePeerDependencies:
      - react
      - react-native

  wrappy@1.0.2: {}
